
Microsoft Visual Studio Solution File, Format Version 12.00
# Visual Studio Version 16
VisualStudioVersion = 16.0.31613.86
MinimumVisualStudioVersion = 10.0.40219.1
Project("{FAE04EC0-301F-11D3-BF4B-00C04F79EFBC}") = "Clase_02 - Ejercicio_01", "Clase_02 - Ejercicio_01\Clase_02 - Ejercicio_01.csproj", "{054C2F33-D818-4DE9-A465-6238187DBB69}"
EndProject
Project("{FAE04EC0-301F-11D3-BF4B-00C04F79EFBC}") = "Biblioteca", "Biblioteca\Biblioteca.csproj", "{8D8A1596-B94C-4DFD-BF69-03CEFDEE033E}"
EndProject
Global
	GlobalSection(SolutionConfigurationPlatforms) = preSolution
		Debug|Any CPU = Debug|Any CPU
		Release|Any CPU = Release|Any CPU
	EndGlobalSection
	GlobalSection(ProjectConfigurationPlatforms) = postSolution
		{054C2F33-D818-4DE9-A465-6238187DBB69}.Debug|Any CPU.ActiveCfg = Debug|Any CPU
		{054C2F33-D818-4DE9-A465-6238187DBB69}.Debug|Any CPU.Build.0 = Debug|Any CPU
		{054C2F33-D818-4DE9-A465-6238187DBB69}.Release|Any CPU.ActiveCfg = Release|Any CPU
		{054C2F33-D818-4DE9-A465-6238187DBB69}.Release|Any CPU.Build.0 = Release|Any CPU
		{8D8A1596-B94C-4DFD-BF69-03CEFDEE033E}.Debug|Any CPU.ActiveCfg = Debug|Any CPU
		{8D8A1596-B94C-4DFD-BF69-03CEFDEE033E}.Debug|Any CPU.Build.0 = Debug|Any CPU
		{8D8A1596-B94C-4DFD-BF69-03CEFDEE033E}.Release|Any CPU.ActiveCfg = Release|Any CPU
		{8D8A1596-B94C-4DFD-BF69-03CEFDEE033E}.Release|Any CPU.Build.0 = Release|Any CPU
	EndGlobalSection
	GlobalSection(SolutionProperties) = preSolution
		HideSolutionNode = FALSE
	EndGlobalSection
	GlobalSection(ExtensibilityGlobals) = postSolution
		SolutionGuid = {DB82BE2A-AA27-41E6-9E40-C160ABE3E32F}
	EndGlobalSection
EndGlobal
