
Microsoft Visual Studio Solution File, Format Version 12.00
# Visual Studio Version 16
VisualStudioVersion = 16.0.31613.86
MinimumVisualStudioVersion = 10.0.40219.1
Project("{FAE04EC0-301F-11D3-BF4B-00C04F79EFBC}") = "Clase_05", "Clase_05\Clase_05.csproj", "{B44D8C7E-49BE-4109-8AFC-82E50C4CCFF8}"
EndProject
Project("{FAE04EC0-301F-11D3-BF4B-00C04F79EFBC}") = "Biblioteca", "Biblioteca\Biblioteca.csproj", "{0B9D4F23-6BAE-4950-8A38-6E27806E01EE}"
EndProject
Global
	GlobalSection(SolutionConfigurationPlatforms) = preSolution
		Debug|Any CPU = Debug|Any CPU
		Release|Any CPU = Release|Any CPU
	EndGlobalSection
	GlobalSection(ProjectConfigurationPlatforms) = postSolution
		{B44D8C7E-49BE-4109-8AFC-82E50C4CCFF8}.Debug|Any CPU.ActiveCfg = Debug|Any CPU
		{B44D8C7E-49BE-4109-8AFC-82E50C4CCFF8}.Debug|Any CPU.Build.0 = Debug|Any CPU
		{B44D8C7E-49BE-4109-8AFC-82E50C4CCFF8}.Release|Any CPU.ActiveCfg = Release|Any CPU
		{B44D8C7E-49BE-4109-8AFC-82E50C4CCFF8}.Release|Any CPU.Build.0 = Release|Any CPU
		{0B9D4F23-6BAE-4950-8A38-6E27806E01EE}.Debug|Any CPU.ActiveCfg = Debug|Any CPU
		{0B9D4F23-6BAE-4950-8A38-6E27806E01EE}.Debug|Any CPU.Build.0 = Debug|Any CPU
		{0B9D4F23-6BAE-4950-8A38-6E27806E01EE}.Release|Any CPU.ActiveCfg = Release|Any CPU
		{0B9D4F23-6BAE-4950-8A38-6E27806E01EE}.Release|Any CPU.Build.0 = Release|Any CPU
	EndGlobalSection
	GlobalSection(SolutionProperties) = preSolution
		HideSolutionNode = FALSE
	EndGlobalSection
	GlobalSection(ExtensibilityGlobals) = postSolution
		SolutionGuid = {74114EF3-642E-41A7-ACB9-72E0FB4EDBF1}
	EndGlobalSection
EndGlobal
