
Microsoft Visual Studio Solution File, Format Version 12.00
# Visual Studio Version 16
VisualStudioVersion = 16.0.31613.86
MinimumVisualStudioVersion = 10.0.40219.1
Project("{FAE04EC0-301F-11D3-BF4B-00C04F79EFBC}") = "Clase_05-Ejercicio_C01", "Clase_05-Ejercicio_C01\Clase_05-Ejercicio_C01.csproj", "{4830CC2F-B544-4B04-8497-B96D8F6BE49B}"
EndProject
Global
	GlobalSection(SolutionConfigurationPlatforms) = preSolution
		Debug|Any CPU = Debug|Any CPU
		Release|Any CPU = Release|Any CPU
	EndGlobalSection
	GlobalSection(ProjectConfigurationPlatforms) = postSolution
		{4830CC2F-B544-4B04-8497-B96D8F6BE49B}.Debug|Any CPU.ActiveCfg = Debug|Any CPU
		{4830CC2F-B544-4B04-8497-B96D8F6BE49B}.Debug|Any CPU.Build.0 = Debug|Any CPU
		{4830CC2F-B544-4B04-8497-B96D8F6BE49B}.Release|Any CPU.ActiveCfg = Release|Any CPU
		{4830CC2F-B544-4B04-8497-B96D8F6BE49B}.Release|Any CPU.Build.0 = Release|Any CPU
	EndGlobalSection
	GlobalSection(SolutionProperties) = preSolution
		HideSolutionNode = FALSE
	EndGlobalSection
	GlobalSection(ExtensibilityGlobals) = postSolution
		SolutionGuid = {564B8B4A-3212-4EB9-AC6B-85B89356C107}
	EndGlobalSection
EndGlobal
