
Microsoft Visual Studio Solution File, Format Version 12.00
# Visual Studio Version 16
VisualStudioVersion = 16.0.31613.86
MinimumVisualStudioVersion = 10.0.40219.1
Project("{FAE04EC0-301F-11D3-BF4B-00C04F79EFBC}") = "VeraSotelo.Mercedes.2D", "VeraSotelo.Mercedes.2D\VeraSotelo.Mercedes.2D.csproj", "{3590CA65-A96C-4455-BF6B-A558DE34EB19}"
EndProject
Project("{FAE04EC0-301F-11D3-BF4B-00C04F79EFBC}") = "Biblioteca", "Biblioteca\Biblioteca.csproj", "{F371351A-638D-4FB7-936B-33F34D6B70A0}"
EndProject
Global
	GlobalSection(SolutionConfigurationPlatforms) = preSolution
		Debug|Any CPU = Debug|Any CPU
		Release|Any CPU = Release|Any CPU
	EndGlobalSection
	GlobalSection(ProjectConfigurationPlatforms) = postSolution
		{3590CA65-A96C-4455-BF6B-A558DE34EB19}.Debug|Any CPU.ActiveCfg = Debug|Any CPU
		{3590CA65-A96C-4455-BF6B-A558DE34EB19}.Debug|Any CPU.Build.0 = Debug|Any CPU
		{3590CA65-A96C-4455-BF6B-A558DE34EB19}.Release|Any CPU.ActiveCfg = Release|Any CPU
		{3590CA65-A96C-4455-BF6B-A558DE34EB19}.Release|Any CPU.Build.0 = Release|Any CPU
		{F371351A-638D-4FB7-936B-33F34D6B70A0}.Debug|Any CPU.ActiveCfg = Debug|Any CPU
		{F371351A-638D-4FB7-936B-33F34D6B70A0}.Debug|Any CPU.Build.0 = Debug|Any CPU
		{F371351A-638D-4FB7-936B-33F34D6B70A0}.Release|Any CPU.ActiveCfg = Release|Any CPU
		{F371351A-638D-4FB7-936B-33F34D6B70A0}.Release|Any CPU.Build.0 = Release|Any CPU
	EndGlobalSection
	GlobalSection(SolutionProperties) = preSolution
		HideSolutionNode = FALSE
	EndGlobalSection
	GlobalSection(ExtensibilityGlobals) = postSolution
		SolutionGuid = {79E0127C-CFA7-4FAC-BFFE-EA63CD55D293}
	EndGlobalSection
EndGlobal
