
Microsoft Visual Studio Solution File, Format Version 12.00
# Visual Studio Version 16
VisualStudioVersion = 16.0.31613.86
MinimumVisualStudioVersion = 10.0.40219.1
Project("{FAE04EC0-301F-11D3-BF4B-00C04F79EFBC}") = "Clase13_Cartuchera", "Clase13_Cartuchera\Clase13_Cartuchera.csproj", "{E1F49683-98FD-4825-AC8E-6564DCB2015A}"
EndProject
Project("{FAE04EC0-301F-11D3-BF4B-00C04F79EFBC}") = "Biblioteca", "Biblioteca\Biblioteca.csproj", "{31C1CE05-854C-4E3B-90FD-7254FF1015FC}"
EndProject
Global
	GlobalSection(SolutionConfigurationPlatforms) = preSolution
		Debug|Any CPU = Debug|Any CPU
		Release|Any CPU = Release|Any CPU
	EndGlobalSection
	GlobalSection(ProjectConfigurationPlatforms) = postSolution
		{E1F49683-98FD-4825-AC8E-6564DCB2015A}.Debug|Any CPU.ActiveCfg = Debug|Any CPU
		{E1F49683-98FD-4825-AC8E-6564DCB2015A}.Debug|Any CPU.Build.0 = Debug|Any CPU
		{E1F49683-98FD-4825-AC8E-6564DCB2015A}.Release|Any CPU.ActiveCfg = Release|Any CPU
		{E1F49683-98FD-4825-AC8E-6564DCB2015A}.Release|Any CPU.Build.0 = Release|Any CPU
		{31C1CE05-854C-4E3B-90FD-7254FF1015FC}.Debug|Any CPU.ActiveCfg = Debug|Any CPU
		{31C1CE05-854C-4E3B-90FD-7254FF1015FC}.Debug|Any CPU.Build.0 = Debug|Any CPU
		{31C1CE05-854C-4E3B-90FD-7254FF1015FC}.Release|Any CPU.ActiveCfg = Release|Any CPU
		{31C1CE05-854C-4E3B-90FD-7254FF1015FC}.Release|Any CPU.Build.0 = Release|Any CPU
	EndGlobalSection
	GlobalSection(SolutionProperties) = preSolution
		HideSolutionNode = FALSE
	EndGlobalSection
	GlobalSection(ExtensibilityGlobals) = postSolution
		SolutionGuid = {56F4142C-9BA2-48F1-B1D6-F22FD6E28A27}
	EndGlobalSection
EndGlobal
