
Microsoft Visual Studio Solution File, Format Version 12.00
# Visual Studio Version 16
VisualStudioVersion = 16.0.31613.86
MinimumVisualStudioVersion = 10.0.40219.1
Project("{FAE04EC0-301F-11D3-BF4B-00C04F79EFBC}") = "Clase_07 - Ejercicio_I02", "Clase_07 - Ejercicio_I02\Clase_07 - Ejercicio_I02.csproj", "{C272A2B8-7F66-4E9B-8618-9B589A0FD69D}"
EndProject
Project("{FAE04EC0-301F-11D3-BF4B-00C04F79EFBC}") = "Biblioteca", "Biblioteca\Biblioteca.csproj", "{3811DB08-5C5A-4F1E-9F89-C969624C86BA}"
EndProject
Global
	GlobalSection(SolutionConfigurationPlatforms) = preSolution
		Debug|Any CPU = Debug|Any CPU
		Release|Any CPU = Release|Any CPU
	EndGlobalSection
	GlobalSection(ProjectConfigurationPlatforms) = postSolution
		{C272A2B8-7F66-4E9B-8618-9B589A0FD69D}.Debug|Any CPU.ActiveCfg = Debug|Any CPU
		{C272A2B8-7F66-4E9B-8618-9B589A0FD69D}.Debug|Any CPU.Build.0 = Debug|Any CPU
		{C272A2B8-7F66-4E9B-8618-9B589A0FD69D}.Release|Any CPU.ActiveCfg = Release|Any CPU
		{C272A2B8-7F66-4E9B-8618-9B589A0FD69D}.Release|Any CPU.Build.0 = Release|Any CPU
		{3811DB08-5C5A-4F1E-9F89-C969624C86BA}.Debug|Any CPU.ActiveCfg = Debug|Any CPU
		{3811DB08-5C5A-4F1E-9F89-C969624C86BA}.Debug|Any CPU.Build.0 = Debug|Any CPU
		{3811DB08-5C5A-4F1E-9F89-C969624C86BA}.Release|Any CPU.ActiveCfg = Release|Any CPU
		{3811DB08-5C5A-4F1E-9F89-C969624C86BA}.Release|Any CPU.Build.0 = Release|Any CPU
	EndGlobalSection
	GlobalSection(SolutionProperties) = preSolution
		HideSolutionNode = FALSE
	EndGlobalSection
	GlobalSection(ExtensibilityGlobals) = postSolution
		SolutionGuid = {BE781567-0B80-4864-BEAC-EF5DB6514D16}
	EndGlobalSection
EndGlobal
