
Microsoft Visual Studio Solution File, Format Version 12.00
# Visual Studio Version 16
VisualStudioVersion = 16.0.31613.86
MinimumVisualStudioVersion = 10.0.40219.1
Project("{FAE04EC0-301F-11D3-BF4B-00C04F79EFBC}") = "Clase_02 - Ejercicio_08", "Clase_02 - Ejercicio_08\Clase_02 - Ejercicio_08.csproj", "{0AE317F8-6654-4209-8225-71277605B995}"
EndProject
Project("{FAE04EC0-301F-11D3-BF4B-00C04F79EFBC}") = "Biblioteca", "Biblioteca\Biblioteca.csproj", "{8617F9C4-7910-4DF8-AF09-56DDD593F6A4}"
EndProject
Global
	GlobalSection(SolutionConfigurationPlatforms) = preSolution
		Debug|Any CPU = Debug|Any CPU
		Release|Any CPU = Release|Any CPU
	EndGlobalSection
	GlobalSection(ProjectConfigurationPlatforms) = postSolution
		{0AE317F8-6654-4209-8225-71277605B995}.Debug|Any CPU.ActiveCfg = Debug|Any CPU
		{0AE317F8-6654-4209-8225-71277605B995}.Debug|Any CPU.Build.0 = Debug|Any CPU
		{0AE317F8-6654-4209-8225-71277605B995}.Release|Any CPU.ActiveCfg = Release|Any CPU
		{0AE317F8-6654-4209-8225-71277605B995}.Release|Any CPU.Build.0 = Release|Any CPU
		{8617F9C4-7910-4DF8-AF09-56DDD593F6A4}.Debug|Any CPU.ActiveCfg = Debug|Any CPU
		{8617F9C4-7910-4DF8-AF09-56DDD593F6A4}.Debug|Any CPU.Build.0 = Debug|Any CPU
		{8617F9C4-7910-4DF8-AF09-56DDD593F6A4}.Release|Any CPU.ActiveCfg = Release|Any CPU
		{8617F9C4-7910-4DF8-AF09-56DDD593F6A4}.Release|Any CPU.Build.0 = Release|Any CPU
	EndGlobalSection
	GlobalSection(SolutionProperties) = preSolution
		HideSolutionNode = FALSE
	EndGlobalSection
	GlobalSection(ExtensibilityGlobals) = postSolution
		SolutionGuid = {D364A456-3B8D-4111-9E60-777A3C694108}
	EndGlobalSection
EndGlobal
