
Microsoft Visual Studio Solution File, Format Version 12.00
# Visual Studio Version 16
VisualStudioVersion = 16.0.31613.86
MinimumVisualStudioVersion = 10.0.40219.1
Project("{FAE04EC0-301F-11D3-BF4B-00C04F79EFBC}") = "Clase_06-Ejercicio_I03", "Clase_06-Ejercicio_I03\Clase_06-Ejercicio_I03.csproj", "{EB7F518C-2E70-42E3-80D2-E781437733AB}"
EndProject
Global
	GlobalSection(SolutionConfigurationPlatforms) = preSolution
		Debug|Any CPU = Debug|Any CPU
		Release|Any CPU = Release|Any CPU
	EndGlobalSection
	GlobalSection(ProjectConfigurationPlatforms) = postSolution
		{EB7F518C-2E70-42E3-80D2-E781437733AB}.Debug|Any CPU.ActiveCfg = Debug|Any CPU
		{EB7F518C-2E70-42E3-80D2-E781437733AB}.Debug|Any CPU.Build.0 = Debug|Any CPU
		{EB7F518C-2E70-42E3-80D2-E781437733AB}.Release|Any CPU.ActiveCfg = Release|Any CPU
		{EB7F518C-2E70-42E3-80D2-E781437733AB}.Release|Any CPU.Build.0 = Release|Any CPU
	EndGlobalSection
	GlobalSection(SolutionProperties) = preSolution
		HideSolutionNode = FALSE
	EndGlobalSection
	GlobalSection(ExtensibilityGlobals) = postSolution
		SolutionGuid = {934B7266-1BCC-4F1B-8763-EA3D1AD54E2C}
	EndGlobalSection
EndGlobal
