
Microsoft Visual Studio Solution File, Format Version 12.00
# Visual Studio Version 16
VisualStudioVersion = 16.0.31613.86
MinimumVisualStudioVersion = 10.0.40219.1
Project("{FAE04EC0-301F-11D3-BF4B-00C04F79EFBC}") = "Clase_02 - Ejercicio_05", "Clase_02 - Ejercicio_05\Clase_02 - Ejercicio_05.csproj", "{65272D75-465B-4A28-A190-EBB7F90A2667}"
EndProject
Project("{FAE04EC0-301F-11D3-BF4B-00C04F79EFBC}") = "Biblioteca", "Biblioteca\Biblioteca.csproj", "{EB69C316-0DEB-45C0-9210-A352C935C398}"
EndProject
Global
	GlobalSection(SolutionConfigurationPlatforms) = preSolution
		Debug|Any CPU = Debug|Any CPU
		Release|Any CPU = Release|Any CPU
	EndGlobalSection
	GlobalSection(ProjectConfigurationPlatforms) = postSolution
		{65272D75-465B-4A28-A190-EBB7F90A2667}.Debug|Any CPU.ActiveCfg = Debug|Any CPU
		{65272D75-465B-4A28-A190-EBB7F90A2667}.Debug|Any CPU.Build.0 = Debug|Any CPU
		{65272D75-465B-4A28-A190-EBB7F90A2667}.Release|Any CPU.ActiveCfg = Release|Any CPU
		{65272D75-465B-4A28-A190-EBB7F90A2667}.Release|Any CPU.Build.0 = Release|Any CPU
		{EB69C316-0DEB-45C0-9210-A352C935C398}.Debug|Any CPU.ActiveCfg = Debug|Any CPU
		{EB69C316-0DEB-45C0-9210-A352C935C398}.Debug|Any CPU.Build.0 = Debug|Any CPU
		{EB69C316-0DEB-45C0-9210-A352C935C398}.Release|Any CPU.ActiveCfg = Release|Any CPU
		{EB69C316-0DEB-45C0-9210-A352C935C398}.Release|Any CPU.Build.0 = Release|Any CPU
	EndGlobalSection
	GlobalSection(SolutionProperties) = preSolution
		HideSolutionNode = FALSE
	EndGlobalSection
	GlobalSection(ExtensibilityGlobals) = postSolution
		SolutionGuid = {0398D584-41B3-43B7-A1B8-9B586153A8A5}
	EndGlobalSection
EndGlobal
