
Microsoft Visual Studio Solution File, Format Version 12.00
# Visual Studio Version 16
VisualStudioVersion = 16.0.31729.503
MinimumVisualStudioVersion = 10.0.40219.1
Project("{FAE04EC0-301F-11D3-BF4B-00C04F79EFBC}") = "Ejercicio I01 - Avisame Si Cambias", "Ejercicio I01 - Avisame Si Cambias\Ejercicio I01 - Avisame Si Cambias.csproj", "{D20E2780-6F10-4BB2-9B78-0C74FFB7AB00}"
EndProject
Project("{FAE04EC0-301F-11D3-BF4B-00C04F79EFBC}") = "Biblioteca", "Biblioteca\Biblioteca.csproj", "{0986EF86-38B4-4A2B-864C-5320D6B94177}"
EndProject
Global
	GlobalSection(SolutionConfigurationPlatforms) = preSolution
		Debug|Any CPU = Debug|Any CPU
		Release|Any CPU = Release|Any CPU
	EndGlobalSection
	GlobalSection(ProjectConfigurationPlatforms) = postSolution
		{D20E2780-6F10-4BB2-9B78-0C74FFB7AB00}.Debug|Any CPU.ActiveCfg = Debug|Any CPU
		{D20E2780-6F10-4BB2-9B78-0C74FFB7AB00}.Debug|Any CPU.Build.0 = Debug|Any CPU
		{D20E2780-6F10-4BB2-9B78-0C74FFB7AB00}.Release|Any CPU.ActiveCfg = Release|Any CPU
		{D20E2780-6F10-4BB2-9B78-0C74FFB7AB00}.Release|Any CPU.Build.0 = Release|Any CPU
		{0986EF86-38B4-4A2B-864C-5320D6B94177}.Debug|Any CPU.ActiveCfg = Debug|Any CPU
		{0986EF86-38B4-4A2B-864C-5320D6B94177}.Debug|Any CPU.Build.0 = Debug|Any CPU
		{0986EF86-38B4-4A2B-864C-5320D6B94177}.Release|Any CPU.ActiveCfg = Release|Any CPU
		{0986EF86-38B4-4A2B-864C-5320D6B94177}.Release|Any CPU.Build.0 = Release|Any CPU
	EndGlobalSection
	GlobalSection(SolutionProperties) = preSolution
		HideSolutionNode = FALSE
	EndGlobalSection
	GlobalSection(ExtensibilityGlobals) = postSolution
		SolutionGuid = {15900009-24A5-4B1E-A53C-81C8EB65D750}
	EndGlobalSection
EndGlobal
