
Microsoft Visual Studio Solution File, Format Version 12.00
# Visual Studio Version 16
VisualStudioVersion = 16.0.31613.86
MinimumVisualStudioVersion = 10.0.40219.1
Project("{FAE04EC0-301F-11D3-BF4B-00C04F79EFBC}") = "Clase_10 - Ejercicio_I02", "Clase_10 - Ejercicio_I02\Clase_10 - Ejercicio_I02.csproj", "{04E498D4-B866-41AB-82C2-8EDF6054F651}"
EndProject
Project("{FAE04EC0-301F-11D3-BF4B-00C04F79EFBC}") = "Biblioteca", "Biblioteca\Biblioteca.csproj", "{6C17A240-9CB0-40C7-8DB8-183F233FCFED}"
EndProject
Global
	GlobalSection(SolutionConfigurationPlatforms) = preSolution
		Debug|Any CPU = Debug|Any CPU
		Release|Any CPU = Release|Any CPU
	EndGlobalSection
	GlobalSection(ProjectConfigurationPlatforms) = postSolution
		{04E498D4-B866-41AB-82C2-8EDF6054F651}.Debug|Any CPU.ActiveCfg = Debug|Any CPU
		{04E498D4-B866-41AB-82C2-8EDF6054F651}.Debug|Any CPU.Build.0 = Debug|Any CPU
		{04E498D4-B866-41AB-82C2-8EDF6054F651}.Release|Any CPU.ActiveCfg = Release|Any CPU
		{04E498D4-B866-41AB-82C2-8EDF6054F651}.Release|Any CPU.Build.0 = Release|Any CPU
		{6C17A240-9CB0-40C7-8DB8-183F233FCFED}.Debug|Any CPU.ActiveCfg = Debug|Any CPU
		{6C17A240-9CB0-40C7-8DB8-183F233FCFED}.Debug|Any CPU.Build.0 = Debug|Any CPU
		{6C17A240-9CB0-40C7-8DB8-183F233FCFED}.Release|Any CPU.ActiveCfg = Release|Any CPU
		{6C17A240-9CB0-40C7-8DB8-183F233FCFED}.Release|Any CPU.Build.0 = Release|Any CPU
	EndGlobalSection
	GlobalSection(SolutionProperties) = preSolution
		HideSolutionNode = FALSE
	EndGlobalSection
	GlobalSection(ExtensibilityGlobals) = postSolution
		SolutionGuid = {D9F1F012-73B2-4E43-B8EF-EC76ABB093F9}
	EndGlobalSection
EndGlobal
