
Microsoft Visual Studio Solution File, Format Version 12.00
# Visual Studio Version 16
VisualStudioVersion = 16.0.31613.86
MinimumVisualStudioVersion = 10.0.40219.1
Project("{FAE04EC0-301F-11D3-BF4B-00C04F79EFBC}") = "Clase_05-Ejercicio_I02", "Clase_05-Ejercicio_I02\Clase_05-Ejercicio_I02.csproj", "{02F2BE91-DD05-4987-9002-5491CF501F55}"
EndProject
Project("{FAE04EC0-301F-11D3-BF4B-00C04F79EFBC}") = "Biblioteca", "Biblioteca\Biblioteca.csproj", "{203C6499-E3D8-486D-87A0-6CE99BCF8040}"
EndProject
Global
	GlobalSection(SolutionConfigurationPlatforms) = preSolution
		Debug|Any CPU = Debug|Any CPU
		Release|Any CPU = Release|Any CPU
	EndGlobalSection
	GlobalSection(ProjectConfigurationPlatforms) = postSolution
		{02F2BE91-DD05-4987-9002-5491CF501F55}.Debug|Any CPU.ActiveCfg = Debug|Any CPU
		{02F2BE91-DD05-4987-9002-5491CF501F55}.Debug|Any CPU.Build.0 = Debug|Any CPU
		{02F2BE91-DD05-4987-9002-5491CF501F55}.Release|Any CPU.ActiveCfg = Release|Any CPU
		{02F2BE91-DD05-4987-9002-5491CF501F55}.Release|Any CPU.Build.0 = Release|Any CPU
		{203C6499-E3D8-486D-87A0-6CE99BCF8040}.Debug|Any CPU.ActiveCfg = Debug|Any CPU
		{203C6499-E3D8-486D-87A0-6CE99BCF8040}.Debug|Any CPU.Build.0 = Debug|Any CPU
		{203C6499-E3D8-486D-87A0-6CE99BCF8040}.Release|Any CPU.ActiveCfg = Release|Any CPU
		{203C6499-E3D8-486D-87A0-6CE99BCF8040}.Release|Any CPU.Build.0 = Release|Any CPU
	EndGlobalSection
	GlobalSection(SolutionProperties) = preSolution
		HideSolutionNode = FALSE
	EndGlobalSection
	GlobalSection(ExtensibilityGlobals) = postSolution
		SolutionGuid = {1F51FF19-EC69-45A6-BC40-4A11CF0B5B48}
	EndGlobalSection
EndGlobal
