
Microsoft Visual Studio Solution File, Format Version 12.00
# Visual Studio Version 16
VisualStudioVersion = 16.0.31613.86
MinimumVisualStudioVersion = 10.0.40219.1
Project("{FAE04EC0-301F-11D3-BF4B-00C04F79EFBC}") = "Clase_02 - Ejercicio_07", "Clase_02 - Ejercicio_07\Clase_02 - Ejercicio_07.csproj", "{838F9F4E-E70A-4610-A27D-31985712251F}"
EndProject
Project("{FAE04EC0-301F-11D3-BF4B-00C04F79EFBC}") = "Biblioteca", "Biblioteca\Biblioteca.csproj", "{48E57328-2694-4039-9814-B502A5B74BF1}"
EndProject
Global
	GlobalSection(SolutionConfigurationPlatforms) = preSolution
		Debug|Any CPU = Debug|Any CPU
		Release|Any CPU = Release|Any CPU
	EndGlobalSection
	GlobalSection(ProjectConfigurationPlatforms) = postSolution
		{838F9F4E-E70A-4610-A27D-31985712251F}.Debug|Any CPU.ActiveCfg = Debug|Any CPU
		{838F9F4E-E70A-4610-A27D-31985712251F}.Debug|Any CPU.Build.0 = Debug|Any CPU
		{838F9F4E-E70A-4610-A27D-31985712251F}.Release|Any CPU.ActiveCfg = Release|Any CPU
		{838F9F4E-E70A-4610-A27D-31985712251F}.Release|Any CPU.Build.0 = Release|Any CPU
		{48E57328-2694-4039-9814-B502A5B74BF1}.Debug|Any CPU.ActiveCfg = Debug|Any CPU
		{48E57328-2694-4039-9814-B502A5B74BF1}.Debug|Any CPU.Build.0 = Debug|Any CPU
		{48E57328-2694-4039-9814-B502A5B74BF1}.Release|Any CPU.ActiveCfg = Release|Any CPU
		{48E57328-2694-4039-9814-B502A5B74BF1}.Release|Any CPU.Build.0 = Release|Any CPU
	EndGlobalSection
	GlobalSection(SolutionProperties) = preSolution
		HideSolutionNode = FALSE
	EndGlobalSection
	GlobalSection(ExtensibilityGlobals) = postSolution
		SolutionGuid = {53FF2DB8-1C51-40AC-9503-C5A4E5F80DD6}
	EndGlobalSection
EndGlobal
